// !$*UTF8*$!
{
	archiveVersion = 1;
	classes = {
	};
	objectVersion = 46;
	objects = {

/* Begin PBXBuildFile section */
		295875C31E9EAB6900249A5C /* HomeDataSourceController.swift in Sources */ = {isa = PBXBuildFile; fileRef = 295875C21E9EAB6900249A5C /* HomeDataSourceController.swift */; };
		298CDCCE1E9F61670019A9C2 /* User.swift in Sources */ = {isa = PBXBuildFile; fileRef = 298CDCCD1E9F61670019A9C2 /* User.swift */; };
		298CDCD01E9F69C30019A9C2 /* UserCell.swift in Sources */ = {isa = PBXBuildFile; fileRef = 298CDCCF1E9F69C30019A9C2 /* UserCell.swift */; };
		2990BE171E9BCA8F001D9787 /* AppDelegate.swift in Sources */ = {isa = PBXBuildFile; fileRef = 2990BE161E9BCA8F001D9787 /* AppDelegate.swift */; };
		2990BE1E1E9BCA8F001D9787 /* Assets.xcassets in Resources */ = {isa = PBXBuildFile; fileRef = 2990BE1D1E9BCA8F001D9787 /* Assets.xcassets */; };
		2990BE211E9BCA8F001D9787 /* LaunchScreen.storyboard in Resources */ = {isa = PBXBuildFile; fileRef = 2990BE1F1E9BCA8F001D9787 /* LaunchScreen.storyboard */; };
		2990BE2C1E9BCA90001D9787 /* PreSchool_Timeline_Tests.swift in Sources */ = {isa = PBXBuildFile; fileRef = 2990BE2B1E9BCA90001D9787 /* PreSchool_Timeline_Tests.swift */; };
		2990BE371E9BCA90001D9787 /* PreSchool_Timeline_UITests.swift in Sources */ = {isa = PBXBuildFile; fileRef = 2990BE361E9BCA90001D9787 /* PreSchool_Timeline_UITests.swift */; };
		29F39E5B1E9E9F4D0076C6B9 /* HomeController.swift in Sources */ = {isa = PBXBuildFile; fileRef = 29F39E5A1E9E9F4D0076C6B9 /* HomeController.swift */; };
		29FC88EE1E9EB44500C47441 /* HeaderFooterCell.swift in Sources */ = {isa = PBXBuildFile; fileRef = 29FC88ED1E9EB44500C47441 /* HeaderFooterCell.swift */; };
		29FC88F11E9EB4C900C47441 /* HomeDataSource.swift in Sources */ = {isa = PBXBuildFile; fileRef = 29FC88F01E9EB4C900C47441 /* HomeDataSource.swift */; };
		4D1C93CFD81AA080420EF5A7 /* Pods_PreSchool_Timeline_UITests.framework in Frameworks */ = {isa = PBXBuildFile; fileRef = 5E697E2C21AFE5DEB7FFC395 /* Pods_PreSchool_Timeline_UITests.framework */; };
		B48DDD19DE4C3F5E21F7DE5C /* Pods_PreSchool_Timeline_Tests.framework in Frameworks */ = {isa = PBXBuildFile; fileRef = 16359BC71BE5388131C2D8E1 /* Pods_PreSchool_Timeline_Tests.framework */; };
		F6B5C1447B4D4574FD8D06EC /* Pods_PreSchool_Timeline_.framework in Frameworks */ = {isa = PBXBuildFile; fileRef = 8892A4B4BEB854A428F4BADD /* Pods_PreSchool_Timeline_.framework */; };
/* End PBXBuildFile section */

/* Begin PBXContainerItemProxy section */
		2990BE281E9BCA90001D9787 /* PBXContainerItemProxy */ = {
			isa = PBXContainerItemProxy;
			containerPortal = 2990BE0B1E9BCA8F001D9787 /* Project object */;
			proxyType = 1;
			remoteGlobalIDString = 2990BE121E9BCA8F001D9787;
			remoteInfo = "PreSchool(Timeline)";
		};
		2990BE331E9BCA90001D9787 /* PBXContainerItemProxy */ = {
			isa = PBXContainerItemProxy;
			containerPortal = 2990BE0B1E9BCA8F001D9787 /* Project object */;
			proxyType = 1;
			remoteGlobalIDString = 2990BE121E9BCA8F001D9787;
			remoteInfo = "PreSchool(Timeline)";
		};
/* End PBXContainerItemProxy section */

/* Begin PBXFileReference section */
		16359BC71BE5388131C2D8E1 /* Pods_PreSchool_Timeline_Tests.framework */ = {isa = PBXFileReference; explicitFileType = wrapper.framework; includeInIndex = 0; path = Pods_PreSchool_Timeline_Tests.framework; sourceTree = BUILT_PRODUCTS_DIR; };
		295875C21E9EAB6900249A5C /* HomeDataSourceController.swift */ = {isa = PBXFileReference; fileEncoding = 4; lastKnownFileType = sourcecode.swift; path = HomeDataSourceController.swift; sourceTree = "<group>"; };
		298CDCCD1E9F61670019A9C2 /* User.swift */ = {isa = PBXFileReference; fileEncoding = 4; lastKnownFileType = sourcecode.swift; path = User.swift; sourceTree = "<group>"; };
		298CDCCF1E9F69C30019A9C2 /* UserCell.swift */ = {isa = PBXFileReference; fileEncoding = 4; lastKnownFileType = sourcecode.swift; path = UserCell.swift; sourceTree = "<group>"; };
		2990BE131E9BCA8F001D9787 /* PreSchool(Timeline).app */ = {isa = PBXFileReference; explicitFileType = wrapper.application; includeInIndex = 0; path = "PreSchool(Timeline).app"; sourceTree = BUILT_PRODUCTS_DIR; };
		2990BE161E9BCA8F001D9787 /* AppDelegate.swift */ = {isa = PBXFileReference; lastKnownFileType = sourcecode.swift; path = AppDelegate.swift; sourceTree = "<group>"; };
		2990BE1D1E9BCA8F001D9787 /* Assets.xcassets */ = {isa = PBXFileReference; lastKnownFileType = folder.assetcatalog; path = Assets.xcassets; sourceTree = "<group>"; };
		2990BE201E9BCA8F001D9787 /* Base */ = {isa = PBXFileReference; lastKnownFileType = file.storyboard; name = Base; path = Base.lproj/LaunchScreen.storyboard; sourceTree = "<group>"; };
		2990BE221E9BCA8F001D9787 /* Info.plist */ = {isa = PBXFileReference; lastKnownFileType = text.plist.xml; path = Info.plist; sourceTree = "<group>"; };
		2990BE271E9BCA90001D9787 /* PreSchool(Timeline)Tests.xctest */ = {isa = PBXFileReference; explicitFileType = wrapper.cfbundle; includeInIndex = 0; path = "PreSchool(Timeline)Tests.xctest"; sourceTree = BUILT_PRODUCTS_DIR; };
		2990BE2B1E9BCA90001D9787 /* PreSchool_Timeline_Tests.swift */ = {isa = PBXFileReference; lastKnownFileType = sourcecode.swift; path = PreSchool_Timeline_Tests.swift; sourceTree = "<group>"; };
		2990BE2D1E9BCA90001D9787 /* Info.plist */ = {isa = PBXFileReference; lastKnownFileType = text.plist.xml; path = Info.plist; sourceTree = "<group>"; };
		2990BE321E9BCA90001D9787 /* PreSchool(Timeline)UITests.xctest */ = {isa = PBXFileReference; explicitFileType = wrapper.cfbundle; includeInIndex = 0; path = "PreSchool(Timeline)UITests.xctest"; sourceTree = BUILT_PRODUCTS_DIR; };
		2990BE361E9BCA90001D9787 /* PreSchool_Timeline_UITests.swift */ = {isa = PBXFileReference; lastKnownFileType = sourcecode.swift; path = PreSchool_Timeline_UITests.swift; sourceTree = "<group>"; };
		2990BE381E9BCA90001D9787 /* Info.plist */ = {isa = PBXFileReference; lastKnownFileType = text.plist.xml; path = Info.plist; sourceTree = "<group>"; };
		29F39E5A1E9E9F4D0076C6B9 /* HomeController.swift */ = {isa = PBXFileReference; fileEncoding = 4; lastKnownFileType = sourcecode.swift; path = HomeController.swift; sourceTree = "<group>"; };
		29FC88ED1E9EB44500C47441 /* HeaderFooterCell.swift */ = {isa = PBXFileReference; fileEncoding = 4; lastKnownFileType = sourcecode.swift; path = HeaderFooterCell.swift; sourceTree = "<group>"; };
		29FC88F01E9EB4C900C47441 /* HomeDataSource.swift */ = {isa = PBXFileReference; fileEncoding = 4; lastKnownFileType = sourcecode.swift; path = HomeDataSource.swift; sourceTree = "<group>"; };
		319104A4BE510632F53944B8 /* Pods-PreSchool(Timeline)UITests.release.xcconfig */ = {isa = PBXFileReference; includeInIndex = 1; lastKnownFileType = text.xcconfig; name = "Pods-PreSchool(Timeline)UITests.release.xcconfig"; path = "Pods/Target Support Files/Pods-PreSchool(Timeline)UITests/Pods-PreSchool(Timeline)UITests.release.xcconfig"; sourceTree = "<group>"; };
		5E697E2C21AFE5DEB7FFC395 /* Pods_PreSchool_Timeline_UITests.framework */ = {isa = PBXFileReference; explicitFileType = wrapper.framework; includeInIndex = 0; path = Pods_PreSchool_Timeline_UITests.framework; sourceTree = BUILT_PRODUCTS_DIR; };
		600FC545B9FA851F48DF0F33 /* Pods-PreSchool(Timeline)Tests.release.xcconfig */ = {isa = PBXFileReference; includeInIndex = 1; lastKnownFileType = text.xcconfig; name = "Pods-PreSchool(Timeline)Tests.release.xcconfig"; path = "Pods/Target Support Files/Pods-PreSchool(Timeline)Tests/Pods-PreSchool(Timeline)Tests.release.xcconfig"; sourceTree = "<group>"; };
		847AC8DC2E2517722EB6FB2F /* Pods-PreSchool(Timeline)Tests.debug.xcconfig */ = {isa = PBXFileReference; includeInIndex = 1; lastKnownFileType = text.xcconfig; name = "Pods-PreSchool(Timeline)Tests.debug.xcconfig"; path = "Pods/Target Support Files/Pods-PreSchool(Timeline)Tests/Pods-PreSchool(Timeline)Tests.debug.xcconfig"; sourceTree = "<group>"; };
		8892A4B4BEB854A428F4BADD /* Pods_PreSchool_Timeline_.framework */ = {isa = PBXFileReference; explicitFileType = wrapper.framework; includeInIndex = 0; path = Pods_PreSchool_Timeline_.framework; sourceTree = BUILT_PRODUCTS_DIR; };
		CFF180133EF17DEFAA97248A /* Pods-PreSchool(Timeline).debug.xcconfig */ = {isa = PBXFileReference; includeInIndex = 1; lastKnownFileType = text.xcconfig; name = "Pods-PreSchool(Timeline).debug.xcconfig"; path = "Pods/Target Support Files/Pods-PreSchool(Timeline)/Pods-PreSchool(Timeline).debug.xcconfig"; sourceTree = "<group>"; };
		E1459FF26B3A38A681932DED /* Pods-PreSchool(Timeline)UITests.debug.xcconfig */ = {isa = PBXFileReference; includeInIndex = 1; lastKnownFileType = text.xcconfig; name = "Pods-PreSchool(Timeline)UITests.debug.xcconfig"; path = "Pods/Target Support Files/Pods-PreSchool(Timeline)UITests/Pods-PreSchool(Timeline)UITests.debug.xcconfig"; sourceTree = "<group>"; };
		F94F7CD73C71C6BF26C31C00 /* Pods-PreSchool(Timeline).release.xcconfig */ = {isa = PBXFileReference; includeInIndex = 1; lastKnownFileType = text.xcconfig; name = "Pods-PreSchool(Timeline).release.xcconfig"; path = "Pods/Target Support Files/Pods-PreSchool(Timeline)/Pods-PreSchool(Timeline).release.xcconfig"; sourceTree = "<group>"; };
/* End PBXFileReference section */

/* Begin PBXFrameworksBuildPhase section */
		2990BE101E9BCA8F001D9787 /* Frameworks */ = {
			isa = PBXFrameworksBuildPhase;
			buildActionMask = 2147483647;
			files = (
				F6B5C1447B4D4574FD8D06EC /* Pods_PreSchool_Timeline_.framework in Frameworks */,
			);
			runOnlyForDeploymentPostprocessing = 0;
		};
		2990BE241E9BCA90001D9787 /* Frameworks */ = {
			isa = PBXFrameworksBuildPhase;
			buildActionMask = 2147483647;
			files = (
				B48DDD19DE4C3F5E21F7DE5C /* Pods_PreSchool_Timeline_Tests.framework in Frameworks */,
			);
			runOnlyForDeploymentPostprocessing = 0;
		};
		2990BE2F1E9BCA90001D9787 /* Frameworks */ = {
			isa = PBXFrameworksBuildPhase;
			buildActionMask = 2147483647;
			files = (
				4D1C93CFD81AA080420EF5A7 /* Pods_PreSchool_Timeline_UITests.framework in Frameworks */,
			);
			runOnlyForDeploymentPostprocessing = 0;
		};
/* End PBXFrameworksBuildPhase section */

/* Begin PBXGroup section */
		1D83EF59F87F82A9EBB1F72B /* Pods */ = {
			isa = PBXGroup;
			children = (
				CFF180133EF17DEFAA97248A /* Pods-PreSchool(Timeline).debug.xcconfig */,
				F94F7CD73C71C6BF26C31C00 /* Pods-PreSchool(Timeline).release.xcconfig */,
				847AC8DC2E2517722EB6FB2F /* Pods-PreSchool(Timeline)Tests.debug.xcconfig */,
				600FC545B9FA851F48DF0F33 /* Pods-PreSchool(Timeline)Tests.release.xcconfig */,
				E1459FF26B3A38A681932DED /* Pods-PreSchool(Timeline)UITests.debug.xcconfig */,
				319104A4BE510632F53944B8 /* Pods-PreSchool(Timeline)UITests.release.xcconfig */,
			);
			name = Pods;
			sourceTree = "<group>";
		};
		2990BE0A1E9BCA8F001D9787 = {
			isa = PBXGroup;
			children = (
				2990BE151E9BCA8F001D9787 /* PreSchool(Timeline) */,
				2990BE2A1E9BCA90001D9787 /* PreSchool(Timeline)Tests */,
				2990BE351E9BCA90001D9787 /* PreSchool(Timeline)UITests */,
				2990BE141E9BCA8F001D9787 /* Products */,
				1D83EF59F87F82A9EBB1F72B /* Pods */,
				B58AB1C88F0188AAA5997EB9 /* Frameworks */,
			);
			sourceTree = "<group>";
		};
		2990BE141E9BCA8F001D9787 /* Products */ = {
			isa = PBXGroup;
			children = (
				2990BE131E9BCA8F001D9787 /* PreSchool(Timeline).app */,
				2990BE271E9BCA90001D9787 /* PreSchool(Timeline)Tests.xctest */,
				2990BE321E9BCA90001D9787 /* PreSchool(Timeline)UITests.xctest */,
			);
			name = Products;
			sourceTree = "<group>";
		};
		2990BE151E9BCA8F001D9787 /* PreSchool(Timeline) */ = {
			isa = PBXGroup;
			children = (
				29FC88EF1E9EB4B200C47441 /* Model */,
				29FC88EB1E9EB41E00C47441 /* View */,
				29FC88E91E9EB40300C47441 /* Controller */,
				2990BE161E9BCA8F001D9787 /* AppDelegate.swift */,
				29F39E5A1E9E9F4D0076C6B9 /* HomeController.swift */,
				2990BE1D1E9BCA8F001D9787 /* Assets.xcassets */,
				2990BE1F1E9BCA8F001D9787 /* LaunchScreen.storyboard */,
				2990BE221E9BCA8F001D9787 /* Info.plist */,
			);
			path = "PreSchool(Timeline)";
			sourceTree = "<group>";
		};
		2990BE2A1E9BCA90001D9787 /* PreSchool(Timeline)Tests */ = {
			isa = PBXGroup;
			children = (
				2990BE2B1E9BCA90001D9787 /* PreSchool_Timeline_Tests.swift */,
				2990BE2D1E9BCA90001D9787 /* Info.plist */,
			);
			path = "PreSchool(Timeline)Tests";
			sourceTree = "<group>";
		};
		2990BE351E9BCA90001D9787 /* PreSchool(Timeline)UITests */ = {
			isa = PBXGroup;
			children = (
				2990BE361E9BCA90001D9787 /* PreSchool_Timeline_UITests.swift */,
				2990BE381E9BCA90001D9787 /* Info.plist */,
			);
			path = "PreSchool(Timeline)UITests";
			sourceTree = "<group>";
		};
		29FC88E91E9EB40300C47441 /* Controller */ = {
			isa = PBXGroup;
			children = (
				295875C21E9EAB6900249A5C /* HomeDataSourceController.swift */,
			);
			name = Controller;
			sourceTree = "<group>";
		};
		29FC88EB1E9EB41E00C47441 /* View */ = {
			isa = PBXGroup;
			children = (
				29FC88ED1E9EB44500C47441 /* HeaderFooterCell.swift */,
				298CDCCF1E9F69C30019A9C2 /* UserCell.swift */,
			);
			name = View;
			sourceTree = "<group>";
		};
		29FC88EF1E9EB4B200C47441 /* Model */ = {
			isa = PBXGroup;
			children = (
				29FC88F01E9EB4C900C47441 /* HomeDataSource.swift */,
				298CDCCD1E9F61670019A9C2 /* User.swift */,
			);
			name = Model;
			sourceTree = "<group>";
		};
		B58AB1C88F0188AAA5997EB9 /* Frameworks */ = {
			isa = PBXGroup;
			children = (
				8892A4B4BEB854A428F4BADD /* Pods_PreSchool_Timeline_.framework */,
				16359BC71BE5388131C2D8E1 /* Pods_PreSchool_Timeline_Tests.framework */,
				5E697E2C21AFE5DEB7FFC395 /* Pods_PreSchool_Timeline_UITests.framework */,
			);
			name = Frameworks;
			sourceTree = "<group>";
		};
/* End PBXGroup section */

/* Begin PBXNativeTarget section */
		2990BE121E9BCA8F001D9787 /* PreSchool(Timeline) */ = {
			isa = PBXNativeTarget;
			buildConfigurationList = 2990BE3B1E9BCA90001D9787 /* Build configuration list for PBXNativeTarget "PreSchool(Timeline)" */;
			buildPhases = (
				C0D0209CA6AF1945A9B87E7D /* [CP] Check Pods Manifest.lock */,
				2990BE0F1E9BCA8F001D9787 /* Sources */,
				2990BE101E9BCA8F001D9787 /* Frameworks */,
				2990BE111E9BCA8F001D9787 /* Resources */,
				1067356000DFC4034C2D91CE /* [CP] Embed Pods Frameworks */,
				08D5655C2A8D6A4315426D84 /* [CP] Copy Pods Resources */,
			);
			buildRules = (
			);
			dependencies = (
			);
			name = "PreSchool(Timeline)";
			productName = "PreSchool(Timeline)";
			productReference = 2990BE131E9BCA8F001D9787 /* PreSchool(Timeline).app */;
			productType = "com.apple.product-type.application";
		};
		2990BE261E9BCA90001D9787 /* PreSchool(Timeline)Tests */ = {
			isa = PBXNativeTarget;
			buildConfigurationList = 2990BE3E1E9BCA90001D9787 /* Build configuration list for PBXNativeTarget "PreSchool(Timeline)Tests" */;
			buildPhases = (
				C0FACCE9D8053017D8B2CCA9 /* [CP] Check Pods Manifest.lock */,
				2990BE231E9BCA90001D9787 /* Sources */,
				2990BE241E9BCA90001D9787 /* Frameworks */,
				2990BE251E9BCA90001D9787 /* Resources */,
				4A0F555E6A7143AF433637FA /* [CP] Embed Pods Frameworks */,
				0A322EBC26EFC97D3AA4AC29 /* [CP] Copy Pods Resources */,
			);
			buildRules = (
			);
			dependencies = (
				2990BE291E9BCA90001D9787 /* PBXTargetDependency */,
			);
			name = "PreSchool(Timeline)Tests";
			productName = "PreSchool(Timeline)Tests";
			productReference = 2990BE271E9BCA90001D9787 /* PreSchool(Timeline)Tests.xctest */;
			productType = "com.apple.product-type.bundle.unit-test";
		};
		2990BE311E9BCA90001D9787 /* PreSchool(Timeline)UITests */ = {
			isa = PBXNativeTarget;
			buildConfigurationList = 2990BE411E9BCA90001D9787 /* Build configuration list for PBXNativeTarget "PreSchool(Timeline)UITests" */;
			buildPhases = (
				10E5C8671EAEE710C33C3087 /* [CP] Check Pods Manifest.lock */,
				2990BE2E1E9BCA90001D9787 /* Sources */,
				2990BE2F1E9BCA90001D9787 /* Frameworks */,
				2990BE301E9BCA90001D9787 /* Resources */,
				6E0E88B63E6AF597A6E951AA /* [CP] Embed Pods Frameworks */,
				2A93241767F82DE8E3786229 /* [CP] Copy Pods Resources */,
			);
			buildRules = (
			);
			dependencies = (
				2990BE341E9BCA90001D9787 /* PBXTargetDependency */,
			);
			name = "PreSchool(Timeline)UITests";
			productName = "PreSchool(Timeline)UITests";
			productReference = 2990BE321E9BCA90001D9787 /* PreSchool(Timeline)UITests.xctest */;
			productType = "com.apple.product-type.bundle.ui-testing";
		};
/* End PBXNativeTarget section */

/* Begin PBXProject section */
		2990BE0B1E9BCA8F001D9787 /* Project object */ = {
			isa = PBXProject;
			attributes = {
				LastSwiftUpdateCheck = 0830;
				LastUpgradeCheck = 0830;
				ORGANIZATIONNAME = Eden;
				TargetAttributes = {
					2990BE121E9BCA8F001D9787 = {
						CreatedOnToolsVersion = 8.3;
						DevelopmentTeam = QP8FKJL48F;
						ProvisioningStyle = Automatic;
					};
					2990BE261E9BCA90001D9787 = {
						CreatedOnToolsVersion = 8.3;
						DevelopmentTeam = QP8FKJL48F;
						ProvisioningStyle = Automatic;
						TestTargetID = 2990BE121E9BCA8F001D9787;
					};
					2990BE311E9BCA90001D9787 = {
						CreatedOnToolsVersion = 8.3;
						DevelopmentTeam = QP8FKJL48F;
						ProvisioningStyle = Automatic;
						TestTargetID = 2990BE121E9BCA8F001D9787;
					};
				};
			};
			buildConfigurationList = 2990BE0E1E9BCA8F001D9787 /* Build configuration list for PBXProject "PreSchool(Timeline)" */;
			compatibilityVersion = "Xcode 3.2";
			developmentRegion = English;
			hasScannedForEncodings = 0;
			knownRegions = (
				en,
				Base,
			);
			mainGroup = 2990BE0A1E9BCA8F001D9787;
			productRefGroup = 2990BE141E9BCA8F001D9787 /* Products */;
			projectDirPath = "";
			projectRoot = "";
			targets = (
				2990BE121E9BCA8F001D9787 /* PreSchool(Timeline) */,
				2990BE261E9BCA90001D9787 /* PreSchool(Timeline)Tests */,
				2990BE311E9BCA90001D9787 /* PreSchool(Timeline)UITests */,
			);
		};
/* End PBXProject section */

/* Begin PBXResourcesBuildPhase section */
		2990BE111E9BCA8F001D9787 /* Resources */ = {
			isa = PBXResourcesBuildPhase;
			buildActionMask = 2147483647;
			files = (
				2990BE211E9BCA8F001D9787 /* LaunchScreen.storyboard in Resources */,
				2990BE1E1E9BCA8F001D9787 /* Assets.xcassets in Resources */,
			);
			runOnlyForDeploymentPostprocessing = 0;
		};
		2990BE251E9BCA90001D9787 /* Resources */ = {
			isa = PBXResourcesBuildPhase;
			buildActionMask = 2147483647;
			files = (
			);
			runOnlyForDeploymentPostprocessing = 0;
		};
		2990BE301E9BCA90001D9787 /* Resources */ = {
			isa = PBXResourcesBuildPhase;
			buildActionMask = 2147483647;
			files = (
			);
			runOnlyForDeploymentPostprocessing = 0;
		};
/* End PBXResourcesBuildPhase section */

/* Begin PBXShellScriptBuildPhase section */
		08D5655C2A8D6A4315426D84 /* [CP] Copy Pods Resources */ = {
			isa = PBXShellScriptBuildPhase;
			buildActionMask = 2147483647;
			files = (
			);
			inputPaths = (
			);
			name = "[CP] Copy Pods Resources";
			outputPaths = (
			);
			runOnlyForDeploymentPostprocessing = 0;
			shellPath = /bin/sh;
			shellScript = "\"${SRCROOT}/Pods/Target Support Files/Pods-PreSchool(Timeline)/Pods-PreSchool(Timeline)-resources.sh\"\n";
			showEnvVarsInLog = 0;
		};
		0A322EBC26EFC97D3AA4AC29 /* [CP] Copy Pods Resources */ = {
			isa = PBXShellScriptBuildPhase;
			buildActionMask = 2147483647;
			files = (
			);
			inputPaths = (
			);
			name = "[CP] Copy Pods Resources";
			outputPaths = (
			);
			runOnlyForDeploymentPostprocessing = 0;
			shellPath = /bin/sh;
			shellScript = "\"${SRCROOT}/Pods/Target Support Files/Pods-PreSchool(Timeline)Tests/Pods-PreSchool(Timeline)Tests-resources.sh\"\n";
			showEnvVarsInLog = 0;
		};
		1067356000DFC4034C2D91CE /* [CP] Embed Pods Frameworks */ = {
			isa = PBXShellScriptBuildPhase;
			buildActionMask = 2147483647;
			files = (
			);
			inputPaths = (
			);
			name = "[CP] Embed Pods Frameworks";
			outputPaths = (
			);
			runOnlyForDeploymentPostprocessing = 0;
			shellPath = /bin/sh;
			shellScript = "\"${SRCROOT}/Pods/Target Support Files/Pods-PreSchool(Timeline)/Pods-PreSchool(Timeline)-frameworks.sh\"\n";
			showEnvVarsInLog = 0;
		};
		10E5C8671EAEE710C33C3087 /* [CP] Check Pods Manifest.lock */ = {
			isa = PBXShellScriptBuildPhase;
			buildActionMask = 2147483647;
			files = (
			);
			inputPaths = (
			);
			name = "[CP] Check Pods Manifest.lock";
			outputPaths = (
			);
			runOnlyForDeploymentPostprocessing = 0;
			shellPath = /bin/sh;
			shellScript = "diff \"${PODS_ROOT}/../Podfile.lock\" \"${PODS_ROOT}/Manifest.lock\" > /dev/null\nif [ $? != 0 ] ; then\n    # print error to STDERR\n    echo \"error: The sandbox is not in sync with the Podfile.lock. Run 'pod install' or update your CocoaPods installation.\" >&2\n    exit 1\nfi\n";
			showEnvVarsInLog = 0;
		};
		2A93241767F82DE8E3786229 /* [CP] Copy Pods Resources */ = {
			isa = PBXShellScriptBuildPhase;
			buildActionMask = 2147483647;
			files = (
			);
			inputPaths = (
			);
			name = "[CP] Copy Pods Resources";
			outputPaths = (
			);
			runOnlyForDeploymentPostprocessing = 0;
			shellPath = /bin/sh;
			shellScript = "\"${SRCROOT}/Pods/Target Support Files/Pods-PreSchool(Timeline)UITests/Pods-PreSchool(Timeline)UITests-resources.sh\"\n";
			showEnvVarsInLog = 0;
		};
		4A0F555E6A7143AF433637FA /* [CP] Embed Pods Frameworks */ = {
			isa = PBXShellScriptBuildPhase;
			buildActionMask = 2147483647;
			files = (
			);
			inputPaths = (
			);
			name = "[CP] Embed Pods Frameworks";
			outputPaths = (
			);
			runOnlyForDeploymentPostprocessing = 0;
			shellPath = /bin/sh;
			shellScript = "\"${SRCROOT}/Pods/Target Support Files/Pods-PreSchool(Timeline)Tests/Pods-PreSchool(Timeline)Tests-frameworks.sh\"\n";
			showEnvVarsInLog = 0;
		};
		6E0E88B63E6AF597A6E951AA /* [CP] Embed Pods Frameworks */ = {
			isa = PBXShellScriptBuildPhase;
			buildActionMask = 2147483647;
			files = (
			);
			inputPaths = (
			);
			name = "[CP] Embed Pods Frameworks";
			outputPaths = (
			);
			runOnlyForDeploymentPostprocessing = 0;
			shellPath = /bin/sh;
			shellScript = "\"${SRCROOT}/Pods/Target Support Files/Pods-PreSchool(Timeline)UITests/Pods-PreSchool(Timeline)UITests-frameworks.sh\"\n";
			showEnvVarsInLog = 0;
		};
		C0D0209CA6AF1945A9B87E7D /* [CP] Check Pods Manifest.lock */ = {
			isa = PBXShellScriptBuildPhase;
			buildActionMask = 2147483647;
			files = (
			);
			inputPaths = (
			);
			name = "[CP] Check Pods Manifest.lock";
			outputPaths = (
			);
			runOnlyForDeploymentPostprocessing = 0;
			shellPath = /bin/sh;
			shellScript = "diff \"${PODS_ROOT}/../Podfile.lock\" \"${PODS_ROOT}/Manifest.lock\" > /dev/null\nif [ $? != 0 ] ; then\n    # print error to STDERR\n    echo \"error: The sandbox is not in sync with the Podfile.lock. Run 'pod install' or update your CocoaPods installation.\" >&2\n    exit 1\nfi\n";
			showEnvVarsInLog = 0;
		};
		C0FACCE9D8053017D8B2CCA9 /* [CP] Check Pods Manifest.lock */ = {
			isa = PBXShellScriptBuildPhase;
			buildActionMask = 2147483647;
			files = (
			);
			inputPaths = (
			);
			name = "[CP] Check Pods Manifest.lock";
			outputPaths = (
			);
			runOnlyForDeploymentPostprocessing = 0;
			shellPath = /bin/sh;
			shellScript = "diff \"${PODS_ROOT}/../Podfile.lock\" \"${PODS_ROOT}/Manifest.lock\" > /dev/null\nif [ $? != 0 ] ; then\n    # print error to STDERR\n    echo \"error: The sandbox is not in sync with the Podfile.lock. Run 'pod install' or update your CocoaPods installation.\" >&2\n    exit 1\nfi\n";
			showEnvVarsInLog = 0;
		};
/* End PBXShellScriptBuildPhase section */

/* Begin PBXSourcesBuildPhase section */
		2990BE0F1E9BCA8F001D9787 /* Sources */ = {
			isa = PBXSourcesBuildPhase;
			buildActionMask = 2147483647;
			files = (
				29FC88F11E9EB4C900C47441 /* HomeDataSource.swift in Sources */,
				295875C31E9EAB6900249A5C /* HomeDataSourceController.swift in Sources */,
				298CDCCE1E9F61670019A9C2 /* User.swift in Sources */,
				29FC88EE1E9EB44500C47441 /* HeaderFooterCell.swift in Sources */,
				2990BE171E9BCA8F001D9787 /* AppDelegate.swift in Sources */,
				29F39E5B1E9E9F4D0076C6B9 /* HomeController.swift in Sources */,
				298CDCD01E9F69C30019A9C2 /* UserCell.swift in Sources */,
			);
			runOnlyForDeploymentPostprocessing = 0;
		};
		2990BE231E9BCA90001D9787 /* Sources */ = {
			isa = PBXSourcesBuildPhase;
			buildActionMask = 2147483647;
			files = (
				2990BE2C1E9BCA90001D9787 /* PreSchool_Timeline_Tests.swift in Sources */,
			);
			runOnlyForDeploymentPostprocessing = 0;
		};
		2990BE2E1E9BCA90001D9787 /* Sources */ = {
			isa = PBXSourcesBuildPhase;
			buildActionMask = 2147483647;
			files = (
				2990BE371E9BCA90001D9787 /* PreSchool_Timeline_UITests.swift in Sources */,
			);
			runOnlyForDeploymentPostprocessing = 0;
		};
/* End PBXSourcesBuildPhase section */

/* Begin PBXTargetDependency section */
		2990BE291E9BCA90001D9787 /* PBXTargetDependency */ = {
			isa = PBXTargetDependency;
			target = 2990BE121E9BCA8F001D9787 /* PreSchool(Timeline) */;
			targetProxy = 2990BE281E9BCA90001D9787 /* PBXContainerItemProxy */;
		};
		2990BE341E9BCA90001D9787 /* PBXTargetDependency */ = {
			isa = PBXTargetDependency;
			target = 2990BE121E9BCA8F001D9787 /* PreSchool(Timeline) */;
			targetProxy = 2990BE331E9BCA90001D9787 /* PBXContainerItemProxy */;
		};
/* End PBXTargetDependency section */

/* Begin PBXVariantGroup section */
		2990BE1F1E9BCA8F001D9787 /* LaunchScreen.storyboard */ = {
			isa = PBXVariantGroup;
			children = (
				2990BE201E9BCA8F001D9787 /* Base */,
			);
			name = LaunchScreen.storyboard;
			sourceTree = "<group>";
		};
/* End PBXVariantGroup section */

/* Begin XCBuildConfiguration section */
		2990BE391E9BCA90001D9787 /* Debug */ = {
			isa = XCBuildConfiguration;
			buildSettings = {
				ALWAYS_SEARCH_USER_PATHS = NO;
				CLANG_ANALYZER_NONNULL = YES;
				CLANG_ANALYZER_NUMBER_OBJECT_CONVERSION = YES_AGGRESSIVE;
				CLANG_CXX_LANGUAGE_STANDARD = "gnu++0x";
				CLANG_CXX_LIBRARY = "libc++";
				CLANG_ENABLE_MODULES = YES;
				CLANG_ENABLE_OBJC_ARC = YES;
				CLANG_WARN_BOOL_CONVERSION = YES;
				CLANG_WARN_CONSTANT_CONVERSION = YES;
				CLANG_WARN_DIRECT_OBJC_ISA_USAGE = YES_ERROR;
				CLANG_WARN_DOCUMENTATION_COMMENTS = YES;
				CLANG_WARN_EMPTY_BODY = YES;
				CLANG_WARN_ENUM_CONVERSION = YES;
				CLANG_WARN_INFINITE_RECURSION = YES;
				CLANG_WARN_INT_CONVERSION = YES;
				CLANG_WARN_OBJC_ROOT_CLASS = YES_ERROR;
				CLANG_WARN_SUSPICIOUS_MOVE = YES;
				CLANG_WARN_UNREACHABLE_CODE = YES;
				CLANG_WARN__DUPLICATE_METHOD_MATCH = YES;
				"CODE_SIGN_IDENTITY[sdk=iphoneos*]" = "iPhone Developer";
				COPY_PHASE_STRIP = NO;
				DEBUG_INFORMATION_FORMAT = dwarf;
				ENABLE_STRICT_OBJC_MSGSEND = YES;
				ENABLE_TESTABILITY = YES;
				GCC_C_LANGUAGE_STANDARD = gnu99;
				GCC_DYNAMIC_NO_PIC = NO;
				GCC_NO_COMMON_BLOCKS = YES;
				GCC_OPTIMIZATION_LEVEL = 0;
				GCC_PREPROCESSOR_DEFINITIONS = (
					"DEBUG=1",
					"$(inherited)",
				);
				GCC_WARN_64_TO_32_BIT_CONVERSION = YES;
				GCC_WARN_ABOUT_RETURN_TYPE = YES_ERROR;
				GCC_WARN_UNDECLARED_SELECTOR = YES;
				GCC_WARN_UNINITIALIZED_AUTOS = YES_AGGRESSIVE;
				GCC_WARN_UNUSED_FUNCTION = YES;
				GCC_WARN_UNUSED_VARIABLE = YES;
				IPHONEOS_DEPLOYMENT_TARGET = 10.3;
				MTL_ENABLE_DEBUG_INFO = YES;
				ONLY_ACTIVE_ARCH = YES;
				SDKROOT = iphoneos;
				SWIFT_ACTIVE_COMPILATION_CONDITIONS = DEBUG;
				SWIFT_OPTIMIZATION_LEVEL = "-Onone";
				TARGETED_DEVICE_FAMILY = "1,2";
			};
			name = Debug;
		};
		2990BE3A1E9BCA90001D9787 /* Release */ = {
			isa = XCBuildConfiguration;
			buildSettings = {
				ALWAYS_SEARCH_USER_PATHS = NO;
				CLANG_ANALYZER_NONNULL = YES;
				CLANG_ANALYZER_NUMBER_OBJECT_CONVERSION = YES_AGGRESSIVE;
				CLANG_CXX_LANGUAGE_STANDARD = "gnu++0x";
				CLANG_CXX_LIBRARY = "libc++";
				CLANG_ENABLE_MODULES = YES;
				CLANG_ENABLE_OBJC_ARC = YES;
				CLANG_WARN_BOOL_CONVERSION = YES;
				CLANG_WARN_CONSTANT_CONVERSION = YES;
				CLANG_WARN_DIRECT_OBJC_ISA_USAGE = YES_ERROR;
				CLANG_WARN_DOCUMENTATION_COMMENTS = YES;
				CLANG_WARN_EMPTY_BODY = YES;
				CLANG_WARN_ENUM_CONVERSION = YES;
				CLANG_WARN_INFINITE_RECURSION = YES;
				CLANG_WARN_INT_CONVERSION = YES;
				CLANG_WARN_OBJC_ROOT_CLASS = YES_ERROR;
				CLANG_WARN_SUSPICIOUS_MOVE = YES;
				CLANG_WARN_UNREACHABLE_CODE = YES;
				CLANG_WARN__DUPLICATE_METHOD_MATCH = YES;
				"CODE_SIGN_IDENTITY[sdk=iphoneos*]" = "iPhone Developer";
				COPY_PHASE_STRIP = NO;
				DEBUG_INFORMATION_FORMAT = "dwarf-with-dsym";
				ENABLE_NS_ASSERTIONS = NO;
				ENABLE_STRICT_OBJC_MSGSEND = YES;
				GCC_C_LANGUAGE_STANDARD = gnu99;
				GCC_NO_COMMON_BLOCKS = YES;
				GCC_WARN_64_TO_32_BIT_CONVERSION = YES;
				GCC_WARN_ABOUT_RETURN_TYPE = YES_ERROR;
				GCC_WARN_UNDECLARED_SELECTOR = YES;
				GCC_WARN_UNINITIALIZED_AUTOS = YES_AGGRESSIVE;
				GCC_WARN_UNUSED_FUNCTION = YES;
				GCC_WARN_UNUSED_VARIABLE = YES;
				IPHONEOS_DEPLOYMENT_TARGET = 10.3;
				MTL_ENABLE_DEBUG_INFO = NO;
				SDKROOT = iphoneos;
				SWIFT_OPTIMIZATION_LEVEL = "-Owholemodule";
				TARGETED_DEVICE_FAMILY = "1,2";
				VALIDATE_PRODUCT = YES;
			};
			name = Release;
		};
		2990BE3C1E9BCA90001D9787 /* Debug */ = {
			isa = XCBuildConfiguration;
			baseConfigurationReference = CFF180133EF17DEFAA97248A /* Pods-PreSchool(Timeline).debug.xcconfig */;
			buildSettings = {
				ASSETCATALOG_COMPILER_APPICON_NAME = AppIcon;
				DEVELOPMENT_TEAM = QP8FKJL48F;
				INFOPLIST_FILE = "PreSchool(Timeline)/Info.plist";
				LD_RUNPATH_SEARCH_PATHS = "$(inherited) @executable_path/Frameworks";
				PRODUCT_BUNDLE_IDENTIFIER = "Preschool.PreSchool-Timeline-";
				PRODUCT_NAME = "$(TARGET_NAME)";
				SWIFT_VERSION = 3.0;
			};
			name = Debug;
		};
		2990BE3D1E9BCA90001D9787 /* Release */ = {
			isa = XCBuildConfiguration;
			baseConfigurationReference = F94F7CD73C71C6BF26C31C00 /* Pods-PreSchool(Timeline).release.xcconfig */;
			buildSettings = {
				ASSETCATALOG_COMPILER_APPICON_NAME = AppIcon;
				DEVELOPMENT_TEAM = QP8FKJL48F;
				INFOPLIST_FILE = "PreSchool(Timeline)/Info.plist";
				LD_RUNPATH_SEARCH_PATHS = "$(inherited) @executable_path/Frameworks";
				PRODUCT_BUNDLE_IDENTIFIER = "Preschool.PreSchool-Timeline-";
				PRODUCT_NAME = "$(TARGET_NAME)";
				SWIFT_VERSION = 3.0;
			};
			name = Release;
		};
		2990BE3F1E9BCA90001D9787 /* Debug */ = {
			isa = XCBuildConfiguration;
			baseConfigurationReference = 847AC8DC2E2517722EB6FB2F /* Pods-PreSchool(Timeline)Tests.debug.xcconfig */;
			buildSettings = {
				ALWAYS_EMBED_SWIFT_STANDARD_LIBRARIES = YES;
				BUNDLE_LOADER = "$(TEST_HOST)";
				DEVELOPMENT_TEAM = QP8FKJL48F;
				INFOPLIST_FILE = "PreSchool(Timeline)Tests/Info.plist";
				LD_RUNPATH_SEARCH_PATHS = "$(inherited) @executable_path/Frameworks @loader_path/Frameworks";
				PRODUCT_BUNDLE_IDENTIFIER = "Preschool.PreSchool-Timeline-Tests";
				PRODUCT_NAME = "$(TARGET_NAME)";
				SWIFT_VERSION = 3.0;
				TEST_HOST = "$(BUILT_PRODUCTS_DIR)/PreSchool(Timeline).app/PreSchool(Timeline)";
			};
			name = Debug;
		};
		2990BE401E9BCA90001D9787 /* Release */ = {
			isa = XCBuildConfiguration;
			baseConfigurationReference = 600FC545B9FA851F48DF0F33 /* Pods-PreSchool(Timeline)Tests.release.xcconfig */;
			buildSettings = {
				ALWAYS_EMBED_SWIFT_STANDARD_LIBRARIES = YES;
				BUNDLE_LOADER = "$(TEST_HOST)";
				DEVELOPMENT_TEAM = QP8FKJL48F;
				INFOPLIST_FILE = "PreSchool(Timeline)Tests/Info.plist";
				LD_RUNPATH_SEARCH_PATHS = "$(inherited) @executable_path/Frameworks @loader_path/Frameworks";
				PRODUCT_BUNDLE_IDENTIFIER = "Preschool.PreSchool-Timeline-Tests";
				PRODUCT_NAME = "$(TARGET_NAME)";
				SWIFT_VERSION = 3.0;
				TEST_HOST = "$(BUILT_PRODUCTS_DIR)/PreSchool(Timeline).app/PreSchool(Timeline)";
			};
			name = Release;
		};
		2990BE421E9BCA90001D9787 /* Debug */ = {
			isa = XCBuildConfiguration;
			baseConfigurationReference = E1459FF26B3A38A681932DED /* Pods-PreSchool(Timeline)UITests.debug.xcconfig */;
			buildSettings = {
				ALWAYS_EMBED_SWIFT_STANDARD_LIBRARIES = YES;
				DEVELOPMENT_TEAM = QP8FKJL48F;
				INFOPLIST_FILE = "PreSchool(Timeline)UITests/Info.plist";
				LD_RUNPATH_SEARCH_PATHS = "$(inherited) @executable_path/Frameworks @loader_path/Frameworks";
				PRODUCT_BUNDLE_IDENTIFIER = "Preschool.PreSchool-Timeline-UITests";
				PRODUCT_NAME = "$(TARGET_NAME)";
				SWIFT_VERSION = 3.0;
				TEST_TARGET_NAME = "PreSchool(Timeline)";
			};
			name = Debug;
		};
		2990BE431E9BCA90001D9787 /* Release */ = {
			isa = XCBuildConfiguration;
			baseConfigurationReference = 319104A4BE510632F53944B8 /* Pods-PreSchool(Timeline)UITests.release.xcconfig */;
			buildSettings = {
				ALWAYS_EMBED_SWIFT_STANDARD_LIBRARIES = YES;
				DEVELOPMENT_TEAM = QP8FKJL48F;
				INFOPLIST_FILE = "PreSchool(Timeline)UITests/Info.plist";
				LD_RUNPATH_SEARCH_PATHS = "$(inherited) @executable_path/Frameworks @loader_path/Frameworks";
				PRODUCT_BUNDLE_IDENTIFIER = "Preschool.PreSchool-Timeline-UITests";
				PRODUCT_NAME = "$(TARGET_NAME)";
				SWIFT_VERSION = 3.0;
				TEST_TARGET_NAME = "PreSchool(Timeline)";
			};
			name = Release;
		};
/* End XCBuildConfiguration section */

/* Begin XCConfigurationList section */
		2990BE0E1E9BCA8F001D9787 /* Build configuration list for PBXProject "PreSchool(Timeline)" */ = {
			isa = XCConfigurationList;
			buildConfigurations = (
				2990BE391E9BCA90001D9787 /* Debug */,
				2990BE3A1E9BCA90001D9787 /* Release */,
			);
			defaultConfigurationIsVisible = 0;
			defaultConfigurationName = Release;
		};
		2990BE3B1E9BCA90001D9787 /* Build configuration list for PBXNativeTarget "PreSchool(Timeline)" */ = {
			isa = XCConfigurationList;
			buildConfigurations = (
				2990BE3C1E9BCA90001D9787 /* Debug */,
				2990BE3D1E9BCA90001D9787 /* Release */,
			);
			defaultConfigurationIsVisible = 0;
			defaultConfigurationName = Release;
		};
		2990BE3E1E9BCA90001D9787 /* Build configuration list for PBXNativeTarget "PreSchool(Timeline)Tests" */ = {
			isa = XCConfigurationList;
			buildConfigurations = (
				2990BE3F1E9BCA90001D9787 /* Debug */,
				2990BE401E9BCA90001D9787 /* Release */,
			);
			defaultConfigurationIsVisible = 0;
			defaultConfigurationName = Release;
		};
		2990BE411E9BCA90001D9787 /* Build configuration list for PBXNativeTarget "PreSchool(Timeline)UITests" */ = {
			isa = XCConfigurationList;
			buildConfigurations = (
				2990BE421E9BCA90001D9787 /* Debug */,
				2990BE431E9BCA90001D9787 /* Release */,
			);
			defaultConfigurationIsVisible = 0;
			defaultConfigurationName = Release;
		};
/* End XCConfigurationList section */
	};
	rootObject = 2990BE0B1E9BCA8F001D9787 /* Project object */;
}
